
Microsoft Visual Studio Solution File, Format Version 12.00
# Visual Studio Version 17
VisualStudioVersion = 17.4.33213.308
MinimumVisualStudioVersion = 10.0.40219.1
Project("{9A19103F-16F7-4668-BE54-9A1E7A4F7556}") = "BudgetTracker.WebApi", "BudgetTracker.WebApi\BudgetTracker.WebApi.csproj", "{B21125FE-7185-4E49-9A62-41CD596A2AE6}"
EndProject
Project("{9A19103F-16F7-4668-BE54-9A1E7A4F7556}") = "BudgetTracker.Infrastructure", "BudgetTracker.Infrastructure\BudgetTracker.Infrastructure.csproj", "{FFA8CA41-BA04-4CAC-9B39-7345D15B65B9}"
EndProject
Project("{9A19103F-16F7-4668-BE54-9A1E7A4F7556}") = "BudgetTracker.Application", "BudgetTracker.Application\BudgetTracker.Application.csproj", "{AE8E3F8F-0082-49DB-9A41-062A7424A29A}"
EndProject
Project("{9A19103F-16F7-4668-BE54-9A1E7A4F7556}") = "BudgetTracker.Domain", "BudgetTracker.Domain\BudgetTracker.Domain.csproj", "{43A07D63-BDCD-4616-9EA8-830BD69E177F}"
EndProject
Global
	GlobalSection(SolutionConfigurationPlatforms) = preSolution
		Debug|Any CPU = Debug|Any CPU
		Release|Any CPU = Release|Any CPU
	EndGlobalSection
	GlobalSection(ProjectConfigurationPlatforms) = postSolution
		{B21125FE-7185-4E49-9A62-41CD596A2AE6}.Debug|Any CPU.ActiveCfg = Debug|Any CPU
		{B21125FE-7185-4E49-9A62-41CD596A2AE6}.Debug|Any CPU.Build.0 = Debug|Any CPU
		{B21125FE-7185-4E49-9A62-41CD596A2AE6}.Release|Any CPU.ActiveCfg = Release|Any CPU
		{B21125FE-7185-4E49-9A62-41CD596A2AE6}.Release|Any CPU.Build.0 = Release|Any CPU
		{FFA8CA41-BA04-4CAC-9B39-7345D15B65B9}.Debug|Any CPU.ActiveCfg = Debug|Any CPU
		{FFA8CA41-BA04-4CAC-9B39-7345D15B65B9}.Debug|Any CPU.Build.0 = Debug|Any CPU
		{FFA8CA41-BA04-4CAC-9B39-7345D15B65B9}.Release|Any CPU.ActiveCfg = Release|Any CPU
		{FFA8CA41-BA04-4CAC-9B39-7345D15B65B9}.Release|Any CPU.Build.0 = Release|Any CPU
		{AE8E3F8F-0082-49DB-9A41-062A7424A29A}.Debug|Any CPU.ActiveCfg = Debug|Any CPU
		{AE8E3F8F-0082-49DB-9A41-062A7424A29A}.Debug|Any CPU.Build.0 = Debug|Any CPU
		{AE8E3F8F-0082-49DB-9A41-062A7424A29A}.Release|Any CPU.ActiveCfg = Release|Any CPU
		{AE8E3F8F-0082-49DB-9A41-062A7424A29A}.Release|Any CPU.Build.0 = Release|Any CPU
		{43A07D63-BDCD-4616-9EA8-830BD69E177F}.Debug|Any CPU.ActiveCfg = Debug|Any CPU
		{43A07D63-BDCD-4616-9EA8-830BD69E177F}.Debug|Any CPU.Build.0 = Debug|Any CPU
		{43A07D63-BDCD-4616-9EA8-830BD69E177F}.Release|Any CPU.ActiveCfg = Release|Any CPU
		{43A07D63-BDCD-4616-9EA8-830BD69E177F}.Release|Any CPU.Build.0 = Release|Any CPU
	EndGlobalSection
	GlobalSection(SolutionProperties) = preSolution
		HideSolutionNode = FALSE
	EndGlobalSection
	GlobalSection(ExtensibilityGlobals) = postSolution
		SolutionGuid = {7A052AE4-F7C7-4AB7-9063-5AE162F3AE9F}
	EndGlobalSection
EndGlobal
